# THIS IS AN AUTOGENERATED FILE. DO NOT EDIT THIS FILE DIRECTLY.
# yarn lockfile v1


commander@0.5.2:
  version "0.5.2"
  resolved "https://registry.yarnpkg.com/commander/-/commander-0.5.2.tgz#f270326709a115a126cfed5623852439b8e4a3b5"
  integrity sha512-/IKo89++b1UhClEhWvKk00gKgw6iwvwD8TOPTqqN9AyvjgPCnf9OrjnDNY3dPDOj+K+OhN9SRjYQH0AfX0bROw==

stats@^1.0.0:
  version "1.0.0"
  resolved "https://registry.yarnpkg.com/stats/-/stats-1.0.0.tgz#4a3f63d81bd52cdecee313dacf1572aff57b7d29"
  integrity sha512-YmKiMSrDaYA8Iu8/mPbZQmQLfzUrCstea60zPLkBMjpUveRh89GLipU/7AuMRAAX3aMmnseSuJtkgpPv29VoqA==
  dependencies:
    commander "0.5.2"
